
Microsoft Visual Studio Solution File, Format Version 12.00
# Visual Studio 15
VisualStudioVersion = 15.0.27703.2026
MinimumVisualStudioVersion = 10.0.40219.1
Project("{FAE04EC0-301F-11D3-BF4B-00C04F79EFBC}") = "ShippingMethod.Plugin.UPS", "ShippingMethod.Plugin.UPS\ShippingMethod.Plugin.UPS.csproj", "{0AB3A388-053F-4F32-A7CB-A827D74A8622}"
EndProject
Project("{FAE04EC0-301F-11D3-BF4B-00C04F79EFBC}") = "ShippingMethodsTest", "ShippingMethodsTest\ShippingMethodsTest.csproj", "{DAD89B79-D972-4A5C-8439-F3A4A2B8D9E3}"
EndProject
Project("{FAE04EC0-301F-11D3-BF4B-00C04F79EFBC}") = "ShippingMethod.Plugin.FedEx", "ShippingMethod.Plugin.FedEx\ShippingMethod.Plugin.FedEx.csproj", "{CF020F5F-8D51-4C80-B18D-DE905489509A}"
EndProject
Project("{FAE04EC0-301F-11D3-BF4B-00C04F79EFBC}") = "ShippingMethod.Plugin.USPS", "ShippingMethod.Plugin.USPS\ShippingMethod.Plugin.USPS.csproj", "{C59BB7CC-4D4B-4F4F-B5AF-7C7275D762E1}"
EndProject
Global
	GlobalSection(SolutionConfigurationPlatforms) = preSolution
		Debug|Any CPU = Debug|Any CPU
		Release|Any CPU = Release|Any CPU
	EndGlobalSection
	GlobalSection(ProjectConfigurationPlatforms) = postSolution
		{0AB3A388-053F-4F32-A7CB-A827D74A8622}.Debug|Any CPU.ActiveCfg = Debug|Any CPU
		{0AB3A388-053F-4F32-A7CB-A827D74A8622}.Debug|Any CPU.Build.0 = Debug|Any CPU
		{0AB3A388-053F-4F32-A7CB-A827D74A8622}.Release|Any CPU.ActiveCfg = Release|Any CPU
		{0AB3A388-053F-4F32-A7CB-A827D74A8622}.Release|Any CPU.Build.0 = Release|Any CPU
		{DAD89B79-D972-4A5C-8439-F3A4A2B8D9E3}.Debug|Any CPU.ActiveCfg = Debug|Any CPU
		{DAD89B79-D972-4A5C-8439-F3A4A2B8D9E3}.Debug|Any CPU.Build.0 = Debug|Any CPU
		{DAD89B79-D972-4A5C-8439-F3A4A2B8D9E3}.Release|Any CPU.ActiveCfg = Release|Any CPU
		{DAD89B79-D972-4A5C-8439-F3A4A2B8D9E3}.Release|Any CPU.Build.0 = Release|Any CPU
		{CF020F5F-8D51-4C80-B18D-DE905489509A}.Debug|Any CPU.ActiveCfg = Debug|Any CPU
		{CF020F5F-8D51-4C80-B18D-DE905489509A}.Debug|Any CPU.Build.0 = Debug|Any CPU
		{CF020F5F-8D51-4C80-B18D-DE905489509A}.Release|Any CPU.ActiveCfg = Release|Any CPU
		{CF020F5F-8D51-4C80-B18D-DE905489509A}.Release|Any CPU.Build.0 = Release|Any CPU
		{C59BB7CC-4D4B-4F4F-B5AF-7C7275D762E1}.Debug|Any CPU.ActiveCfg = Debug|Any CPU
		{C59BB7CC-4D4B-4F4F-B5AF-7C7275D762E1}.Debug|Any CPU.Build.0 = Debug|Any CPU
		{C59BB7CC-4D4B-4F4F-B5AF-7C7275D762E1}.Release|Any CPU.ActiveCfg = Release|Any CPU
		{C59BB7CC-4D4B-4F4F-B5AF-7C7275D762E1}.Release|Any CPU.Build.0 = Release|Any CPU
	EndGlobalSection
	GlobalSection(SolutionProperties) = preSolution
		HideSolutionNode = FALSE
	EndGlobalSection
	GlobalSection(ExtensibilityGlobals) = postSolution
		SolutionGuid = {4D14B805-FCEC-4767-9BB8-F9231C41C178}
	EndGlobalSection
EndGlobal
